Microsoft Visual Studio Solution File, Format Version 11.00
# Visual Studio 2008

Project("{E35AC0CA-386B-E9B9-6EF6-756B05BE15F6}") = "kuru-edu", "Assembly-CSharp.csproj", "{FB6FC186-EFA5-1A34-3837-C2AFE40855E5}"
EndProject
Project("{E35AC0CA-386B-E9B9-6EF6-756B05BE15F6}") = "kuru-edu", "Assembly-CSharp-Editor.csproj", "{9C565070-749E-3889-D21F-03EBCC6AFE9A}"
EndProject
Global
	GlobalSection(SolutionConfigurationPlatforms) = preSolution
		Debug|Any CPU = Debug|Any CPU
		Release|Any CPU = Release|Any CPU
	EndGlobalSection
	GlobalSection(ProjectConfigurationPlatforms) = postSolution
		{FB6FC186-EFA5-1A34-3837-C2AFE40855E5}.Debug|Any CPU.ActiveCfg = Debug|Any CPU
		{FB6FC186-EFA5-1A34-3837-C2AFE40855E5}.Debug|Any CPU.Build.0 = Debug|Any CPU
		{FB6FC186-EFA5-1A34-3837-C2AFE40855E5}.Release|Any CPU.ActiveCfg = Release|Any CPU
		{FB6FC186-EFA5-1A34-3837-C2AFE40855E5}.Release|Any CPU.Build.0 = Release|Any CPU
		{9C565070-749E-3889-D21F-03EBCC6AFE9A}.Debug|Any CPU.ActiveCfg = Debug|Any CPU
		{9C565070-749E-3889-D21F-03EBCC6AFE9A}.Debug|Any CPU.Build.0 = Debug|Any CPU
		{9C565070-749E-3889-D21F-03EBCC6AFE9A}.Release|Any CPU.ActiveCfg = Release|Any CPU
		{9C565070-749E-3889-D21F-03EBCC6AFE9A}.Release|Any CPU.Build.0 = Release|Any CPU
	EndGlobalSection
	GlobalSection(SolutionProperties) = preSolution
		HideSolutionNode = FALSE
	EndGlobalSection
	GlobalSection(MonoDevelopProperties) = preSolution
		StartupItem = Assembly-CSharp.csproj
	EndGlobalSection
EndGlobal
